
Microsoft Visual Studio Solution File, Format Version 12.00
# Visual Studio Version 16
VisualStudioVersion = 16.0.32228.343
MinimumVisualStudioVersion = 10.0.40219.1
Project("{FAE04EC0-301F-11D3-BF4B-00C04F79EFBC}") = "DataAccess", "DataAccess\DataAccess.csproj", "{4CB6138A-8DFB-4F49-954A-A2E36844BD05}"
EndProject
Project("{FAE04EC0-301F-11D3-BF4B-00C04F79EFBC}") = "Business", "Business\Business.csproj", "{FE9DD06A-C21C-4B41-B599-33EAB521B1C7}"
EndProject
Project("{FAE04EC0-301F-11D3-BF4B-00C04F79EFBC}") = "Entities", "Entities\Entities.csproj", "{DD130B79-03B0-4852-96E3-A7604512D4EF}"
EndProject
Project("{FAE04EC0-301F-11D3-BF4B-00C04F79EFBC}") = "UI", "UI\UI.csproj", "{14D2AAC6-DDB4-46F6-BBD3-AF2DE2EB1104}"
EndProject
Project("{FAE04EC0-301F-11D3-BF4B-00C04F79EFBC}") = "CORE", "CORE\CORE.csproj", "{C5B1C2F1-0F6E-4773-9F4E-4B86DCE9EFCD}"
EndProject
Global
	GlobalSection(SolutionConfigurationPlatforms) = preSolution
		Debug|Any CPU = Debug|Any CPU
		Release|Any CPU = Release|Any CPU
	EndGlobalSection
	GlobalSection(ProjectConfigurationPlatforms) = postSolution
		{4CB6138A-8DFB-4F49-954A-A2E36844BD05}.Debug|Any CPU.ActiveCfg = Debug|Any CPU
		{4CB6138A-8DFB-4F49-954A-A2E36844BD05}.Debug|Any CPU.Build.0 = Debug|Any CPU
		{4CB6138A-8DFB-4F49-954A-A2E36844BD05}.Release|Any CPU.ActiveCfg = Release|Any CPU
		{4CB6138A-8DFB-4F49-954A-A2E36844BD05}.Release|Any CPU.Build.0 = Release|Any CPU
		{FE9DD06A-C21C-4B41-B599-33EAB521B1C7}.Debug|Any CPU.ActiveCfg = Debug|Any CPU
		{FE9DD06A-C21C-4B41-B599-33EAB521B1C7}.Debug|Any CPU.Build.0 = Debug|Any CPU
		{FE9DD06A-C21C-4B41-B599-33EAB521B1C7}.Release|Any CPU.ActiveCfg = Release|Any CPU
		{FE9DD06A-C21C-4B41-B599-33EAB521B1C7}.Release|Any CPU.Build.0 = Release|Any CPU
		{DD130B79-03B0-4852-96E3-A7604512D4EF}.Debug|Any CPU.ActiveCfg = Debug|Any CPU
		{DD130B79-03B0-4852-96E3-A7604512D4EF}.Debug|Any CPU.Build.0 = Debug|Any CPU
		{DD130B79-03B0-4852-96E3-A7604512D4EF}.Release|Any CPU.ActiveCfg = Release|Any CPU
		{DD130B79-03B0-4852-96E3-A7604512D4EF}.Release|Any CPU.Build.0 = Release|Any CPU
		{14D2AAC6-DDB4-46F6-BBD3-AF2DE2EB1104}.Debug|Any CPU.ActiveCfg = Debug|Any CPU
		{14D2AAC6-DDB4-46F6-BBD3-AF2DE2EB1104}.Debug|Any CPU.Build.0 = Debug|Any CPU
		{14D2AAC6-DDB4-46F6-BBD3-AF2DE2EB1104}.Release|Any CPU.ActiveCfg = Release|Any CPU
		{14D2AAC6-DDB4-46F6-BBD3-AF2DE2EB1104}.Release|Any CPU.Build.0 = Release|Any CPU
		{C5B1C2F1-0F6E-4773-9F4E-4B86DCE9EFCD}.Debug|Any CPU.ActiveCfg = Debug|Any CPU
		{C5B1C2F1-0F6E-4773-9F4E-4B86DCE9EFCD}.Debug|Any CPU.Build.0 = Debug|Any CPU
		{C5B1C2F1-0F6E-4773-9F4E-4B86DCE9EFCD}.Release|Any CPU.ActiveCfg = Release|Any CPU
		{C5B1C2F1-0F6E-4773-9F4E-4B86DCE9EFCD}.Release|Any CPU.Build.0 = Release|Any CPU
	EndGlobalSection
	GlobalSection(SolutionProperties) = preSolution
		HideSolutionNode = FALSE
	EndGlobalSection
	GlobalSection(ExtensibilityGlobals) = postSolution
		SolutionGuid = {FBE254EF-01E9-46C0-942C-426C2D612FC6}
	EndGlobalSection
EndGlobal
